
Microsoft Visual Studio Solution File, Format Version 12.00
Project("{FAE04EC0-301F-11D3-BF4B-00C04F79EFBC}") = "ReflectiveECS", "ReflectiveECS\ReflectiveECS.csproj", "{CC7D8730-70CE-47F7-839E-357DD4E2F35F}"
EndProject
Global
	GlobalSection(SolutionConfigurationPlatforms) = preSolution
		Debug|Any CPU = Debug|Any CPU
		Release|Any CPU = Release|Any CPU
	EndGlobalSection
	GlobalSection(ProjectConfigurationPlatforms) = postSolution
		{CC7D8730-70CE-47F7-839E-357DD4E2F35F}.Debug|Any CPU.ActiveCfg = Debug|Any CPU
		{CC7D8730-70CE-47F7-839E-357DD4E2F35F}.Debug|Any CPU.Build.0 = Debug|Any CPU
		{CC7D8730-70CE-47F7-839E-357DD4E2F35F}.Release|Any CPU.ActiveCfg = Release|Any CPU
		{CC7D8730-70CE-47F7-839E-357DD4E2F35F}.Release|Any CPU.Build.0 = Release|Any CPU
	EndGlobalSection
EndGlobal
